
Microsoft Visual Studio Solution File, Format Version 12.00
# Visual Studio Version 17
VisualStudioVersion = 17.4.33403.182
MinimumVisualStudioVersion = 10.0.40219.1
Project("{9A19103F-16F7-4668-BE54-9A1E7A4F7556}") = "NewPattern.Api", "NewPattern.Api\NewPattern.Api.csproj", "{748441A8-3A74-45AC-B431-7843ACCD039B}"
EndProject
Project("{9A19103F-16F7-4668-BE54-9A1E7A4F7556}") = "NewPattern.Api.Engines", "NewPattern.Api.Engines\NewPattern.Api.Engines.csproj", "{B92CD6DF-E1EE-44FB-82CE-45FB6A8B2B66}"
EndProject
Project("{9A19103F-16F7-4668-BE54-9A1E7A4F7556}") = "NewPattern.Api.Primary", "NewPattern.Api.Primary\NewPattern.Api.Primary.csproj", "{0AA6B75A-472D-49C6-9FBB-BF906D16C93A}"
EndProject
Project("{9A19103F-16F7-4668-BE54-9A1E7A4F7556}") = "NewPattern.Api.Realization", "NewPattern.Api.Realization\NewPattern.Api.Realization.csproj", "{28A19B2C-B1BD-48E2-BD7D-3BB8ED51040B}"
EndProject
Project("{2150E333-8FDC-42A3-9474-1A3956D46DE8}") = "Solution Items", "Solution Items", "{4011578E-A374-412B-8749-A49A442DD01B}"
	ProjectSection(SolutionItems) = preProject
		.editorconfig = .editorconfig
	EndProjectSection
EndProject
Project("{9A19103F-16F7-4668-BE54-9A1E7A4F7556}") = "NewPattern.Api.Infrastructure", "NewPattern.Api.Infrastructure\NewPattern.Api.Infrastructure.csproj", "{3584CC7C-317C-42B1-81C4-A6A203931575}"
EndProject
Project("{9A19103F-16F7-4668-BE54-9A1E7A4F7556}") = "NewPattern.Api.DbMigration", "NewPattern.Api.DbMigration\NewPattern.Api.DbMigration.csproj", "{9B1B7D67-61C4-4C96-964D-FB456BE58494}"
EndProject
Global
	GlobalSection(SolutionConfigurationPlatforms) = preSolution
		Debug|Any CPU = Debug|Any CPU
		Release|Any CPU = Release|Any CPU
	EndGlobalSection
	GlobalSection(ProjectConfigurationPlatforms) = postSolution
		{748441A8-3A74-45AC-B431-7843ACCD039B}.Debug|Any CPU.ActiveCfg = Debug|Any CPU
		{748441A8-3A74-45AC-B431-7843ACCD039B}.Debug|Any CPU.Build.0 = Debug|Any CPU
		{748441A8-3A74-45AC-B431-7843ACCD039B}.Release|Any CPU.ActiveCfg = Release|Any CPU
		{748441A8-3A74-45AC-B431-7843ACCD039B}.Release|Any CPU.Build.0 = Release|Any CPU
		{B92CD6DF-E1EE-44FB-82CE-45FB6A8B2B66}.Debug|Any CPU.ActiveCfg = Debug|Any CPU
		{B92CD6DF-E1EE-44FB-82CE-45FB6A8B2B66}.Debug|Any CPU.Build.0 = Debug|Any CPU
		{B92CD6DF-E1EE-44FB-82CE-45FB6A8B2B66}.Release|Any CPU.ActiveCfg = Release|Any CPU
		{B92CD6DF-E1EE-44FB-82CE-45FB6A8B2B66}.Release|Any CPU.Build.0 = Release|Any CPU
		{0AA6B75A-472D-49C6-9FBB-BF906D16C93A}.Debug|Any CPU.ActiveCfg = Debug|Any CPU
		{0AA6B75A-472D-49C6-9FBB-BF906D16C93A}.Debug|Any CPU.Build.0 = Debug|Any CPU
		{0AA6B75A-472D-49C6-9FBB-BF906D16C93A}.Release|Any CPU.ActiveCfg = Release|Any CPU
		{0AA6B75A-472D-49C6-9FBB-BF906D16C93A}.Release|Any CPU.Build.0 = Release|Any CPU
		{28A19B2C-B1BD-48E2-BD7D-3BB8ED51040B}.Debug|Any CPU.ActiveCfg = Debug|Any CPU
		{28A19B2C-B1BD-48E2-BD7D-3BB8ED51040B}.Debug|Any CPU.Build.0 = Debug|Any CPU
		{28A19B2C-B1BD-48E2-BD7D-3BB8ED51040B}.Release|Any CPU.ActiveCfg = Release|Any CPU
		{28A19B2C-B1BD-48E2-BD7D-3BB8ED51040B}.Release|Any CPU.Build.0 = Release|Any CPU
		{3584CC7C-317C-42B1-81C4-A6A203931575}.Debug|Any CPU.ActiveCfg = Debug|Any CPU
		{3584CC7C-317C-42B1-81C4-A6A203931575}.Debug|Any CPU.Build.0 = Debug|Any CPU
		{3584CC7C-317C-42B1-81C4-A6A203931575}.Release|Any CPU.ActiveCfg = Release|Any CPU
		{3584CC7C-317C-42B1-81C4-A6A203931575}.Release|Any CPU.Build.0 = Release|Any CPU
		{9B1B7D67-61C4-4C96-964D-FB456BE58494}.Debug|Any CPU.ActiveCfg = Debug|Any CPU
		{9B1B7D67-61C4-4C96-964D-FB456BE58494}.Debug|Any CPU.Build.0 = Debug|Any CPU
		{9B1B7D67-61C4-4C96-964D-FB456BE58494}.Release|Any CPU.ActiveCfg = Release|Any CPU
		{9B1B7D67-61C4-4C96-964D-FB456BE58494}.Release|Any CPU.Build.0 = Release|Any CPU
	EndGlobalSection
	GlobalSection(SolutionProperties) = preSolution
		HideSolutionNode = FALSE
	EndGlobalSection
	GlobalSection(ExtensibilityGlobals) = postSolution
		SolutionGuid = {C39B9967-9410-404B-9088-F454513FAE72}
	EndGlobalSection
EndGlobal
